
Microsoft Visual Studio Solution File, Format Version 12.00
# Visual Studio Version 16
VisualStudioVersion = 16.0.33027.164
MinimumVisualStudioVersion = 10.0.40219.1
Project("{FAE04EC0-301F-11D3-BF4B-00C04F79EFBC}") = "SignalRFirstProjectWithAspNetCore", "SignalRFirstProjectWithAspNetCore\SignalRFirstProjectWithAspNetCore.csproj", "{A8539A4D-77B6-4B8D-B01C-15B62A0344A4}"
EndProject
Global
	GlobalSection(SolutionConfigurationPlatforms) = preSolution
		Debug|Any CPU = Debug|Any CPU
		Release|Any CPU = Release|Any CPU
	EndGlobalSection
	GlobalSection(ProjectConfigurationPlatforms) = postSolution
		{A8539A4D-77B6-4B8D-B01C-15B62A0344A4}.Debug|Any CPU.ActiveCfg = Debug|Any CPU
		{A8539A4D-77B6-4B8D-B01C-15B62A0344A4}.Debug|Any CPU.Build.0 = Debug|Any CPU
		{A8539A4D-77B6-4B8D-B01C-15B62A0344A4}.Release|Any CPU.ActiveCfg = Release|Any CPU
		{A8539A4D-77B6-4B8D-B01C-15B62A0344A4}.Release|Any CPU.Build.0 = Release|Any CPU
	EndGlobalSection
	GlobalSection(SolutionProperties) = preSolution
		HideSolutionNode = FALSE
	EndGlobalSection
	GlobalSection(ExtensibilityGlobals) = postSolution
		SolutionGuid = {667DF3C7-793C-4927-B102-E9A7E5AF935E}
	EndGlobalSection
EndGlobal
